# This file is autogenerated, do not edit; changes may be undone by the next 'dep ensure'.


[[projects]]
  digest = "1:edd4fcee8a9dfb437f500720543eaf419f3976806d94fbfa29d46dfa3f4740e1"
  name = "github.com/vicanso/keygrip"
  packages = ["."]
  pruneopts = "UT"
  revision = "0c49b10eb9a3766a6f4878c5dbe0a01db4edf2af"
  version = "0.0.2"

[solve-meta]
  analyzer-name = "dep"
  analyzer-version = 1
  input-imports = ["github.com/vicanso/keygrip"]
  solver-name = "gps-cdcl"
  solver-version = 1
