# This file is autogenerated, do not edit; changes may be undone by the next 'dep ensure'.


[[projects]]
  digest = "1:e759bd83c7fc27e37dea6c0840012506bda8192ae33415ad4011c53ecb76d1a2"
  name = "github.com/vicanso/keygrip"
  packages = ["."]
  pruneopts = "UT"
  revision = "c7f2aa0ccee39d13ad838e4d619997b0aa401f43"
  version = "0.0.1"

[solve-meta]
  analyzer-name = "dep"
  analyzer-version = 1
  input-imports = ["github.com/vicanso/keygrip"]
  solver-name = "gps-cdcl"
  solver-version = 1
